
Microsoft Visual Studio Solution File, Format Version 12.00
# Visual Studio Version 16
VisualStudioVersion = 16.0.29709.97
MinimumVisualStudioVersion = 10.0.40219.1
Project("{8BC9CEB8-8B4A-11D0-8D11-00A0C91BC942}") = "Program 1 Cristofer James", "Program 1 Cristofer James\Program 1 Cristofer James.vcxproj", "{40530233-93D5-4B5F-A9E6-6014EAA855D9}"
EndProject
Global
	GlobalSection(SolutionConfigurationPlatforms) = preSolution
		Debug|x64 = Debug|x64
		Debug|x86 = Debug|x86
		Release|x64 = Release|x64
		Release|x86 = Release|x86
	EndGlobalSection
	GlobalSection(ProjectConfigurationPlatforms) = postSolution
		{40530233-93D5-4B5F-A9E6-6014EAA855D9}.Debug|x64.ActiveCfg = Debug|x64
		{40530233-93D5-4B5F-A9E6-6014EAA855D9}.Debug|x64.Build.0 = Debug|x64
		{40530233-93D5-4B5F-A9E6-6014EAA855D9}.Debug|x86.ActiveCfg = Debug|Win32
		{40530233-93D5-4B5F-A9E6-6014EAA855D9}.Debug|x86.Build.0 = Debug|Win32
		{40530233-93D5-4B5F-A9E6-6014EAA855D9}.Release|x64.ActiveCfg = Release|x64
		{40530233-93D5-4B5F-A9E6-6014EAA855D9}.Release|x64.Build.0 = Release|x64
		{40530233-93D5-4B5F-A9E6-6014EAA855D9}.Release|x86.ActiveCfg = Release|Win32
		{40530233-93D5-4B5F-A9E6-6014EAA855D9}.Release|x86.Build.0 = Release|Win32
	EndGlobalSection
	GlobalSection(SolutionProperties) = preSolution
		HideSolutionNode = FALSE
	EndGlobalSection
	GlobalSection(ExtensibilityGlobals) = postSolution
		SolutionGuid = {A46D6DF2-8C91-412B-A6E8-5B24477E9479}
	EndGlobalSection
EndGlobal
